{
  "version": 4,
  "terraform_version": "1.5.4",
  "serial": 158,
  "lineage": "a2cc9c18-9732-d0e7-b18e-add9f9ce63bc",
  "outputs": {},
  "resources": [
    {
      "mode": "managed",
      "type": "azurerm_resource_group",
      "name": "example",
      "provider": "provider[\"registry.terraform.io/hashicorp/azurerm\"]",
      "instances": [
        {
          "schema_version": 0,
          "attributes": {
            "id": "/subscriptions/ab321fe7-054d-4a32-844b-4ff79d16240b/resourceGroups/qwerty12344321",
            "location": "eastus",
            "name": "qwerty12344321",
            "tags": null,
            "timeouts": null
          },
          "sensitive_attributes": [],
          "private": "eyJlMmJmYjczMC1lY2FhLTExZTYtOGY4OC0zNDM2M2JjN2M0YzAiOnsiY3JlYXRlIjo1NDAwMDAwMDAwMDAwLCJkZWxldGUiOjU0MDAwMDAwMDAwMDAsInJlYWQiOjMwMDAwMDAwMDAwMCwidXBkYXRlIjo1NDAwMDAwMDAwMDAwfX0="
        }
      ]
    },
    {
      "mode": "managed",
      "type": "azurerm_role_assignment",
      "name": "container",
      "provider": "provider[\"registry.terraform.io/hashicorp/azurerm\"]",
      "instances": [
        {
          "schema_version": 0,
          "attributes": {
            "condition": "",
            "condition_version": "",
            "delegated_managed_identity_resource_id": "",
            "description": "",
            "id": "/subscriptions/ab321fe7-054d-4a32-844b-4ff79d16240b/resourceGroups/qwerty12344321/providers/Microsoft.Storage/storageAccounts/demo12storage9553/blobServices/default/containers/demo1/providers/Microsoft.Authorization/roleAssignments/364b53ab-7566-2af5-44e6-233ba65e623b",
            "name": "364b53ab-7566-2af5-44e6-233ba65e623b",
            "principal_id": "b1fefda9-f7fe-460e-9052-93fde3893b39",
            "principal_type": "ServicePrincipal",
            "role_definition_id": "/subscriptions/ab321fe7-054d-4a32-844b-4ff79d16240b/providers/Microsoft.Authorization/roleDefinitions/acdd72a7-3385-48ef-bd42-f606fba81ae7",
            "role_definition_name": "Reader",
            "scope": "/subscriptions/ab321fe7-054d-4a32-844b-4ff79d16240b/resourceGroups/qwerty12344321/providers/Microsoft.Storage/storageAccounts/demo12storage9553/blobServices/default/containers/demo1",
            "skip_service_principal_aad_check": null,
            "timeouts": null
          },
          "sensitive_attributes": [],
          "private": "eyJlMmJmYjczMC1lY2FhLTExZTYtOGY4OC0zNDM2M2JjN2M0YzAiOnsiY3JlYXRlIjoxODAwMDAwMDAwMDAwLCJkZWxldGUiOjE4MDAwMDAwMDAwMDAsInJlYWQiOjMwMDAwMDAwMDAwMCwidXBkYXRlIjoxODAwMDAwMDAwMDAwfX0=",
          "dependencies": [
            "azurerm_resource_group.example",
            "azurerm_storage_container.container2",
            "azurerm_subnet.public_subnet",
            "azurerm_virtual_network.example",
            "module.storage_account.azurerm_storage_account.storage",
            "module.vm.azurerm_linux_virtual_machine.example",
            "module.vm.azurerm_network_interface.example",
            "module.vm.azurerm_public_ip.public_ip"
          ]
        }
      ]
    },
    {
      "mode": "managed",
      "type": "azurerm_role_assignment",
      "name": "storage",
      "provider": "provider[\"registry.terraform.io/hashicorp/azurerm\"]",
      "instances": [
        {
          "schema_version": 0,
          "attributes": {
            "condition": "",
            "condition_version": "",
            "delegated_managed_identity_resource_id": "",
            "description": "",
            "id": "/subscriptions/ab321fe7-054d-4a32-844b-4ff79d16240b/resourceGroups/qwerty12344321/providers/Microsoft.Storage/storageAccounts/demo12storage9553/providers/Microsoft.Authorization/roleAssignments/21ca8008-e725-0489-dd0a-a8e8890e6c76",
            "name": "21ca8008-e725-0489-dd0a-a8e8890e6c76",
            "principal_id": "b1fefda9-f7fe-460e-9052-93fde3893b39",
            "principal_type": "ServicePrincipal",
            "role_definition_id": "/subscriptions/ab321fe7-054d-4a32-844b-4ff79d16240b/providers/Microsoft.Authorization/roleDefinitions/acdd72a7-3385-48ef-bd42-f606fba81ae7",
            "role_definition_name": "Reader",
            "scope": "/subscriptions/ab321fe7-054d-4a32-844b-4ff79d16240b/resourceGroups/qwerty12344321/providers/Microsoft.Storage/storageAccounts/demo12storage9553",
            "skip_service_principal_aad_check": null,
            "timeouts": null
          },
          "sensitive_attributes": [],
          "private": "eyJlMmJmYjczMC1lY2FhLTExZTYtOGY4OC0zNDM2M2JjN2M0YzAiOnsiY3JlYXRlIjoxODAwMDAwMDAwMDAwLCJkZWxldGUiOjE4MDAwMDAwMDAwMDAsInJlYWQiOjMwMDAwMDAwMDAwMCwidXBkYXRlIjoxODAwMDAwMDAwMDAwfX0=",
          "dependencies": [
            "azurerm_resource_group.example",
            "azurerm_subnet.public_subnet",
            "azurerm_virtual_network.example",
            "module.storage_account.azurerm_storage_account.storage",
            "module.vm.azurerm_linux_virtual_machine.example",
            "module.vm.azurerm_network_interface.example",
            "module.vm.azurerm_public_ip.public_ip"
          ]
        }
      ]
    },
    {
      "mode": "managed",
      "type": "azurerm_storage_container",
      "name": "container",
      "provider": "provider[\"registry.terraform.io/hashicorp/azurerm\"]",
      "instances": [
        {
          "schema_version": 1,
          "attributes": {
            "container_access_type": "private",
            "has_immutability_policy": false,
            "has_legal_hold": false,
            "id": "https://demo12storage9553.blob.core.windows.net/demo",
            "metadata": {},
            "name": "demo",
            "resource_manager_id": "/subscriptions/ab321fe7-054d-4a32-844b-4ff79d16240b/resourceGroups/qwerty12344321/providers/Microsoft.Storage/storageAccounts/demo12storage9553/blobServices/default/containers/demo",
            "storage_account_name": "demo12storage9553",
            "timeouts": null
          },
          "sensitive_attributes": [],
          "private": "eyJlMmJmYjczMC1lY2FhLTExZTYtOGY4OC0zNDM2M2JjN2M0YzAiOnsiY3JlYXRlIjoxODAwMDAwMDAwMDAwLCJkZWxldGUiOjE4MDAwMDAwMDAwMDAsInJlYWQiOjMwMDAwMDAwMDAwMCwidXBkYXRlIjoxODAwMDAwMDAwMDAwfSwic2NoZW1hX3ZlcnNpb24iOiIxIn0=",
          "dependencies": [
            "azurerm_resource_group.example",
            "azurerm_subnet.public_subnet",
            "azurerm_virtual_network.example",
            "module.storage_account.azurerm_storage_account.storage"
          ]
        }
      ]
    },
    {
      "mode": "managed",
      "type": "azurerm_storage_container",
      "name": "container2",
      "provider": "provider[\"registry.terraform.io/hashicorp/azurerm\"]",
      "instances": [
        {
          "schema_version": 1,
          "attributes": {
            "container_access_type": "private",
            "has_immutability_policy": false,
            "has_legal_hold": false,
            "id": "https://demo12storage9553.blob.core.windows.net/demo1",
            "metadata": {},
            "name": "demo1",
            "resource_manager_id": "/subscriptions/ab321fe7-054d-4a32-844b-4ff79d16240b/resourceGroups/qwerty12344321/providers/Microsoft.Storage/storageAccounts/demo12storage9553/blobServices/default/containers/demo1",
            "storage_account_name": "demo12storage9553",
            "timeouts": null
          },
          "sensitive_attributes": [],
          "private": "eyJlMmJmYjczMC1lY2FhLTExZTYtOGY4OC0zNDM2M2JjN2M0YzAiOnsiY3JlYXRlIjoxODAwMDAwMDAwMDAwLCJkZWxldGUiOjE4MDAwMDAwMDAwMDAsInJlYWQiOjMwMDAwMDAwMDAwMCwidXBkYXRlIjoxODAwMDAwMDAwMDAwfSwic2NoZW1hX3ZlcnNpb24iOiIxIn0=",
          "dependencies": [
            "azurerm_resource_group.example",
            "azurerm_subnet.public_subnet",
            "azurerm_virtual_network.example",
            "module.storage_account.azurerm_storage_account.storage"
          ]
        }
      ]
    },
    {
      "mode": "managed",
      "type": "azurerm_subnet",
      "name": "public_subnet",
      "provider": "provider[\"registry.terraform.io/hashicorp/azurerm\"]",
      "instances": [
        {
          "schema_version": 0,
          "attributes": {
            "address_prefix": "10.0.1.0/24",
            "address_prefixes": [
              "10.0.1.0/24"
            ],
            "delegation": [],
            "enforce_private_link_endpoint_network_policies": false,
            "enforce_private_link_service_network_policies": false,
            "id": "/subscriptions/ab321fe7-054d-4a32-844b-4ff79d16240b/resourceGroups/qwerty12344321/providers/Microsoft.Network/virtualNetworks/example-network/subnets/public_subnet",
            "name": "public_subnet",
            "resource_group_name": "qwerty12344321",
            "service_endpoint_policy_ids": null,
            "service_endpoints": [
              "Microsoft.Storage"
            ],
            "timeouts": null,
            "virtual_network_name": "example-network"
          },
          "sensitive_attributes": [],
          "private": "eyJlMmJmYjczMC1lY2FhLTExZTYtOGY4OC0zNDM2M2JjN2M0YzAiOnsiY3JlYXRlIjoxODAwMDAwMDAwMDAwLCJkZWxldGUiOjE4MDAwMDAwMDAwMDAsInJlYWQiOjMwMDAwMDAwMDAwMCwidXBkYXRlIjoxODAwMDAwMDAwMDAwfX0=",
          "dependencies": [
            "azurerm_resource_group.example",
            "azurerm_virtual_network.example"
          ]
        }
      ]
    },
    {
      "mode": "managed",
      "type": "azurerm_virtual_network",
      "name": "example",
      "provider": "provider[\"registry.terraform.io/hashicorp/azurerm\"]",
      "instances": [
        {
          "schema_version": 0,
          "attributes": {
            "address_space": [
              "10.0.0.0/16"
            ],
            "bgp_community": "",
            "ddos_protection_plan": [],
            "dns_servers": [],
            "flow_timeout_in_minutes": 0,
            "guid": "5a237433-1ada-4f7e-a800-a5f0817f6ba8",
            "id": "/subscriptions/ab321fe7-054d-4a32-844b-4ff79d16240b/resourceGroups/qwerty12344321/providers/Microsoft.Network/virtualNetworks/example-network",
            "location": "eastus",
            "name": "example-network",
            "resource_group_name": "qwerty12344321",
            "subnet": [],
            "tags": null,
            "timeouts": null,
            "vm_protection_enabled": false
          },
          "sensitive_attributes": [],
          "private": "eyJlMmJmYjczMC1lY2FhLTExZTYtOGY4OC0zNDM2M2JjN2M0YzAiOnsiY3JlYXRlIjoxODAwMDAwMDAwMDAwLCJkZWxldGUiOjE4MDAwMDAwMDAwMDAsInJlYWQiOjMwMDAwMDAwMDAwMCwidXBkYXRlIjoxODAwMDAwMDAwMDAwfX0=",
          "dependencies": [
            "azurerm_resource_group.example"
          ]
        }
      ]
    },
    {
      "module": "module.storage_account",
      "mode": "managed",
      "type": "azurerm_storage_account",
      "name": "storage",
      "provider": "provider[\"registry.terraform.io/hashicorp/azurerm\"]",
      "instances": [
        {
          "schema_version": 2,
          "attributes": {
            "access_tier": "Hot",
            "account_kind": "StorageV2",
            "account_replication_type": "LRS",
            "account_tier": "Standard",
            "allow_blob_public_access": false,
            "azure_files_authentication": [],
            "blob_properties": [
              {
                "change_feed_enabled": false,
                "container_delete_retention_policy": [],
                "cors_rule": [],
                "default_service_version": "",
                "delete_retention_policy": [],
                "last_access_time_enabled": false,
                "versioning_enabled": false
              }
            ],
            "custom_domain": [],
            "enable_https_traffic_only": true,
            "id": "/subscriptions/ab321fe7-054d-4a32-844b-4ff79d16240b/resourceGroups/qwerty12344321/providers/Microsoft.Storage/storageAccounts/demo12storage9553",
            "identity": [],
            "is_hns_enabled": false,
            "large_file_share_enabled": null,
            "location": "eastus",
            "min_tls_version": "TLS1_0",
            "name": "demo12storage9553",
            "network_rules": [
              {
                "bypass": [
                  "AzureServices"
                ],
                "default_action": "Deny",
                "ip_rules": [
                  "157.48.67.54"
                ],
                "private_link_access": [],
                "virtual_network_subnet_ids": [
                  "/subscriptions/ab321fe7-054d-4a32-844b-4ff79d16240b/resourceGroups/qwerty12344321/providers/Microsoft.Network/virtualNetworks/example-network/subnets/public_subnet"
                ]
              }
            ],
            "nfsv3_enabled": false,
            "primary_access_key": "JPVUIoMbZCllovo+o+G0+jHHy+aezXT6CzZqrH6caHLVZffQ03o0XkEm6H9j/c4umMyE4cKtdWQu+AStG0yDRA==",
            "primary_blob_connection_string": "DefaultEndpointsProtocol=https;BlobEndpoint=https://demo12storage9553.blob.core.windows.net/;AccountName=demo12storage9553;AccountKey=JPVUIoMbZCllovo+o+G0+jHHy+aezXT6CzZqrH6caHLVZffQ03o0XkEm6H9j/c4umMyE4cKtdWQu+AStG0yDRA==",
            "primary_blob_endpoint": "https://demo12storage9553.blob.core.windows.net/",
            "primary_blob_host": "demo12storage9553.blob.core.windows.net",
            "primary_connection_string": "DefaultEndpointsProtocol=https;AccountName=demo12storage9553;AccountKey=JPVUIoMbZCllovo+o+G0+jHHy+aezXT6CzZqrH6caHLVZffQ03o0XkEm6H9j/c4umMyE4cKtdWQu+AStG0yDRA==;EndpointSuffix=core.windows.net",
            "primary_dfs_endpoint": "https://demo12storage9553.dfs.core.windows.net/",
            "primary_dfs_host": "demo12storage9553.dfs.core.windows.net",
            "primary_file_endpoint": "https://demo12storage9553.file.core.windows.net/",
            "primary_file_host": "demo12storage9553.file.core.windows.net",
            "primary_location": "eastus",
            "primary_queue_endpoint": "https://demo12storage9553.queue.core.windows.net/",
            "primary_queue_host": "demo12storage9553.queue.core.windows.net",
            "primary_table_endpoint": "https://demo12storage9553.table.core.windows.net/",
            "primary_table_host": "demo12storage9553.table.core.windows.net",
            "primary_web_endpoint": "https://demo12storage9553.z13.web.core.windows.net/",
            "primary_web_host": "demo12storage9553.z13.web.core.windows.net",
            "queue_encryption_key_type": "Service",
            "queue_properties": [
              {
                "cors_rule": [],
                "hour_metrics": [
                  {
                    "enabled": true,
                    "include_apis": true,
                    "retention_policy_days": 7,
                    "version": "1.0"
                  }
                ],
                "logging": [
                  {
                    "delete": false,
                    "read": false,
                    "retention_policy_days": 0,
                    "version": "1.0",
                    "write": false
                  }
                ],
                "minute_metrics": [
                  {
                    "enabled": false,
                    "include_apis": false,
                    "retention_policy_days": 0,
                    "version": "1.0"
                  }
                ]
              }
            ],
            "resource_group_name": "qwerty12344321",
            "routing": [],
            "secondary_access_key": "G1jB1vBiBsfnwa9J//3jFH8yTq408pXdIQH5db0GoviVPSORE1XwQG+LjLVtGuRddcQ8BFccqkud+AStklht9A==",
            "secondary_blob_connection_string": "",
            "secondary_blob_endpoint": null,
            "secondary_blob_host": null,
            "secondary_connection_string": "DefaultEndpointsProtocol=https;AccountName=demo12storage9553;AccountKey=G1jB1vBiBsfnwa9J//3jFH8yTq408pXdIQH5db0GoviVPSORE1XwQG+LjLVtGuRddcQ8BFccqkud+AStklht9A==;EndpointSuffix=core.windows.net",
            "secondary_dfs_endpoint": null,
            "secondary_dfs_host": null,
            "secondary_file_endpoint": null,
            "secondary_file_host": null,
            "secondary_location": "",
            "secondary_queue_endpoint": null,
            "secondary_queue_host": null,
            "secondary_table_endpoint": null,
            "secondary_table_host": null,
            "secondary_web_endpoint": null,
            "secondary_web_host": null,
            "share_properties": [
              {
                "cors_rule": [],
                "retention_policy": [
                  {
                    "days": 7
                  }
                ],
                "smb": []
              }
            ],
            "shared_access_key_enabled": true,
            "static_website": [],
            "table_encryption_key_type": "Service",
            "tags": {
              "environment": "staging"
            },
            "timeouts": null
          },
          "sensitive_attributes": [],
          "private": "eyJlMmJmYjczMC1lY2FhLTExZTYtOGY4OC0zNDM2M2JjN2M0YzAiOnsiY3JlYXRlIjozNjAwMDAwMDAwMDAwLCJkZWxldGUiOjM2MDAwMDAwMDAwMDAsInJlYWQiOjMwMDAwMDAwMDAwMCwidXBkYXRlIjozNjAwMDAwMDAwMDAwfSwic2NoZW1hX3ZlcnNpb24iOiIyIn0=",
          "dependencies": [
            "azurerm_resource_group.example",
            "azurerm_subnet.public_subnet",
            "azurerm_virtual_network.example"
          ]
        }
      ]
    },
    {
      "module": "module.vm",
      "mode": "managed",
      "type": "azurerm_linux_virtual_machine",
      "name": "example",
      "provider": "provider[\"registry.terraform.io/hashicorp/azurerm\"]",
      "instances": [
        {
          "schema_version": 0,
          "attributes": {
            "additional_capabilities": [],
            "admin_password": null,
            "admin_ssh_key": [
              {
                "public_key": "ssh-rsa AAAAB3NzaC1yc2EAAAADAQABAAABgQCvbLhNTnoQp75Jkq4sTOD/2SyIdrHpe+BlPWGCQvpv8S3LUHCDWcPvSg+cRNnluTPNmhEzLPMQuit0Trkn6wwNZvv96a3LGMNihssug0I/mAfZvRliUu6f7LR23AlnfdM+Sz8GDWgat+65Nux3K2L4p6i8BTXOldTVRpwAEriLoKlii8N9eUMLTLRurQT3b4vF08gvdH2a9g6uUCOzO5axk7VQXPo3F+Qxu44YGm3rBXvv6T44rCj4bxN0FiMGxh2wKz2UOl/38umIEthsWF47yBjk9yorWTZbEK/ycPhoT1wAVyO7vlh2PxTUAPOpvs4HnfRM+PEVNS+TU6RZ91Vr4cMiQcRzDz2Z87pDcwMQLrM+mtnfNj0EEme5bO8t9JG57SZmUrQhxYvWvYWscluXBb3HCy5LgEgT7WXYPWHdExov69mF/uCKCBodJMnv1Azo6NwmAbXhueiQ267vaBtPfGm24l+C3cbHnC3c5o9ysweIx2rHPy/IVz5+7kYqpG8= admin@DESKTOP-7B7MEJG\r\n",
                "username": "adminuser"
              }
            ],
            "admin_username": "adminuser",
            "allow_extension_operations": true,
            "availability_set_id": "",
            "boot_diagnostics": [],
            "computer_name": "demovm",
            "custom_data": null,
            "dedicated_host_id": "",
            "disable_password_authentication": true,
            "encryption_at_host_enabled": false,
            "eviction_policy": "",
            "extensions_time_budget": "PT1H30M",
            "id": "/subscriptions/ab321fe7-054d-4a32-844b-4ff79d16240b/resourceGroups/qwerty12344321/providers/Microsoft.Compute/virtualMachines/demovm",
            "identity": [
              {
                "identity_ids": null,
                "principal_id": "b1fefda9-f7fe-460e-9052-93fde3893b39",
                "tenant_id": "bc48d484-77e3-4df8-b4d6-c24f5cde17cb",
                "type": "SystemAssigned"
              }
            ],
            "license_type": "",
            "location": "eastus",
            "max_bid_price": -1,
            "name": "demovm",
            "network_interface_ids": [
              "/subscriptions/ab321fe7-054d-4a32-844b-4ff79d16240b/resourceGroups/qwerty12344321/providers/Microsoft.Network/networkInterfaces/demo_network_interface"
            ],
            "os_disk": [
              {
                "caching": "ReadWrite",
                "diff_disk_settings": [],
                "disk_encryption_set_id": "",
                "disk_size_gb": 30,
                "name": "demovm_OsDisk_1_b49627509ea2490cb7d1cc1ca60bafef",
                "storage_account_type": "Standard_LRS",
                "write_accelerator_enabled": false
              }
            ],
            "patch_mode": "ImageDefault",
            "plan": [],
            "platform_fault_domain": -1,
            "priority": "Regular",
            "private_ip_address": "10.0.1.4",
            "private_ip_addresses": [
              "10.0.1.4"
            ],
            "provision_vm_agent": true,
            "proximity_placement_group_id": "",
            "public_ip_address": "104.211.0.13",
            "public_ip_addresses": [
              "104.211.0.13"
            ],
            "resource_group_name": "qwerty12344321",
            "secret": [],
            "secure_boot_enabled": false,
            "size": "Standard_B1s",
            "source_image_id": "",
            "source_image_reference": [
              {
                "offer": "UbuntuServer",
                "publisher": "Canonical",
                "sku": "16.04-LTS",
                "version": "latest"
              }
            ],
            "tags": null,
            "timeouts": null,
            "virtual_machine_id": "75242e1f-6cbd-4737-9ba5-f7a63f68b025",
            "virtual_machine_scale_set_id": "",
            "vtpm_enabled": false,
            "zone": ""
          },
          "sensitive_attributes": [],
          "private": "eyJlMmJmYjczMC1lY2FhLTExZTYtOGY4OC0zNDM2M2JjN2M0YzAiOnsiY3JlYXRlIjoyNzAwMDAwMDAwMDAwLCJkZWxldGUiOjI3MDAwMDAwMDAwMDAsInJlYWQiOjMwMDAwMDAwMDAwMCwidXBkYXRlIjoyNzAwMDAwMDAwMDAwfX0=",
          "dependencies": [
            "azurerm_resource_group.example",
            "azurerm_subnet.public_subnet",
            "azurerm_virtual_network.example",
            "module.vm.azurerm_network_interface.example",
            "module.vm.azurerm_public_ip.public_ip"
          ]
        }
      ]
    },
    {
      "module": "module.vm",
      "mode": "managed",
      "type": "azurerm_network_interface",
      "name": "example",
      "provider": "provider[\"registry.terraform.io/hashicorp/azurerm\"]",
      "instances": [
        {
          "schema_version": 0,
          "attributes": {
            "applied_dns_servers": [],
            "dns_servers": [],
            "enable_accelerated_networking": false,
            "enable_ip_forwarding": false,
            "id": "/subscriptions/ab321fe7-054d-4a32-844b-4ff79d16240b/resourceGroups/qwerty12344321/providers/Microsoft.Network/networkInterfaces/demo_network_interface",
            "internal_dns_name_label": "",
            "internal_domain_name_suffix": "gn0cgww0dj5e5kaauxyic51lva.bx.internal.cloudapp.net",
            "ip_configuration": [
              {
                "gateway_load_balancer_frontend_ip_configuration_id": "",
                "name": "internal",
                "primary": true,
                "private_ip_address": "10.0.1.4",
                "private_ip_address_allocation": "Dynamic",
                "private_ip_address_version": "IPv4",
                "public_ip_address_id": "/subscriptions/ab321fe7-054d-4a32-844b-4ff79d16240b/resourceGroups/qwerty12344321/providers/Microsoft.Network/publicIPAddresses/demo_ip",
                "subnet_id": "/subscriptions/ab321fe7-054d-4a32-844b-4ff79d16240b/resourceGroups/qwerty12344321/providers/Microsoft.Network/virtualNetworks/example-network/subnets/public_subnet"
              }
            ],
            "location": "eastus",
            "mac_address": "",
            "name": "demo_network_interface",
            "private_ip_address": "10.0.1.4",
            "private_ip_addresses": [
              "10.0.1.4"
            ],
            "resource_group_name": "qwerty12344321",
            "tags": null,
            "timeouts": null,
            "virtual_machine_id": ""
          },
          "sensitive_attributes": [],
          "private": "eyJlMmJmYjczMC1lY2FhLTExZTYtOGY4OC0zNDM2M2JjN2M0YzAiOnsiY3JlYXRlIjoxODAwMDAwMDAwMDAwLCJkZWxldGUiOjE4MDAwMDAwMDAwMDAsInJlYWQiOjMwMDAwMDAwMDAwMCwidXBkYXRlIjoxODAwMDAwMDAwMDAwfX0=",
          "dependencies": [
            "azurerm_resource_group.example",
            "azurerm_subnet.public_subnet",
            "azurerm_virtual_network.example",
            "module.vm.azurerm_public_ip.public_ip"
          ]
        }
      ]
    },
    {
      "module": "module.vm",
      "mode": "managed",
      "type": "azurerm_network_interface_security_group_association",
      "name": "association",
      "provider": "provider[\"registry.terraform.io/hashicorp/azurerm\"]",
      "instances": [
        {
          "schema_version": 0,
          "attributes": {
            "id": "/subscriptions/ab321fe7-054d-4a32-844b-4ff79d16240b/resourceGroups/qwerty12344321/providers/Microsoft.Network/networkInterfaces/demo_network_interface|/subscriptions/ab321fe7-054d-4a32-844b-4ff79d16240b/resourceGroups/qwerty12344321/providers/Microsoft.Network/networkSecurityGroups/demo_nsg",
            "network_interface_id": "/subscriptions/ab321fe7-054d-4a32-844b-4ff79d16240b/resourceGroups/qwerty12344321/providers/Microsoft.Network/networkInterfaces/demo_network_interface",
            "network_security_group_id": "/subscriptions/ab321fe7-054d-4a32-844b-4ff79d16240b/resourceGroups/qwerty12344321/providers/Microsoft.Network/networkSecurityGroups/demo_nsg",
            "timeouts": null
          },
          "sensitive_attributes": [],
          "private": "eyJlMmJmYjczMC1lY2FhLTExZTYtOGY4OC0zNDM2M2JjN2M0YzAiOnsiY3JlYXRlIjoxODAwMDAwMDAwMDAwLCJkZWxldGUiOjE4MDAwMDAwMDAwMDAsInJlYWQiOjMwMDAwMDAwMDAwMCwidXBkYXRlIjoxODAwMDAwMDAwMDAwfX0=",
          "dependencies": [
            "azurerm_resource_group.example",
            "azurerm_subnet.public_subnet",
            "azurerm_virtual_network.example",
            "module.vm.azurerm_network_interface.example",
            "module.vm.azurerm_network_security_group.nsg",
            "module.vm.azurerm_public_ip.public_ip"
          ]
        }
      ]
    },
    {
      "module": "module.vm",
      "mode": "managed",
      "type": "azurerm_network_security_group",
      "name": "nsg",
      "provider": "provider[\"registry.terraform.io/hashicorp/azurerm\"]",
      "instances": [
        {
          "schema_version": 0,
          "attributes": {
            "id": "/subscriptions/ab321fe7-054d-4a32-844b-4ff79d16240b/resourceGroups/qwerty12344321/providers/Microsoft.Network/networkSecurityGroups/demo_nsg",
            "location": "eastus",
            "name": "demo_nsg",
            "resource_group_name": "qwerty12344321",
            "security_rule": [
              {
                "access": "Allow",
                "description": "",
                "destination_address_prefix": "*",
                "destination_address_prefixes": [],
                "destination_application_security_group_ids": [],
                "destination_port_range": "22",
                "destination_port_ranges": [],
                "direction": "Inbound",
                "name": "allow_ssh_sg",
                "priority": 100,
                "protocol": "Tcp",
                "source_address_prefix": "*",
                "source_address_prefixes": [],
                "source_application_security_group_ids": [],
                "source_port_range": "*",
                "source_port_ranges": []
              }
            ],
            "tags": null,
            "timeouts": null
          },
          "sensitive_attributes": [],
          "private": "eyJlMmJmYjczMC1lY2FhLTExZTYtOGY4OC0zNDM2M2JjN2M0YzAiOnsiY3JlYXRlIjoxODAwMDAwMDAwMDAwLCJkZWxldGUiOjE4MDAwMDAwMDAwMDAsInJlYWQiOjMwMDAwMDAwMDAwMCwidXBkYXRlIjoxODAwMDAwMDAwMDAwfX0=",
          "dependencies": [
            "azurerm_resource_group.example",
            "azurerm_subnet.public_subnet",
            "azurerm_virtual_network.example",
            "module.vm.azurerm_network_interface.example",
            "module.vm.azurerm_public_ip.public_ip"
          ]
        }
      ]
    },
    {
      "module": "module.vm",
      "mode": "managed",
      "type": "azurerm_public_ip",
      "name": "public_ip",
      "provider": "provider[\"registry.terraform.io/hashicorp/azurerm\"]",
      "instances": [
        {
          "schema_version": 0,
          "attributes": {
            "allocation_method": "Dynamic",
            "availability_zone": "No-Zone",
            "domain_name_label": null,
            "fqdn": null,
            "id": "/subscriptions/ab321fe7-054d-4a32-844b-4ff79d16240b/resourceGroups/qwerty12344321/providers/Microsoft.Network/publicIPAddresses/demo_ip",
            "idle_timeout_in_minutes": 4,
            "ip_address": "",
            "ip_tags": null,
            "ip_version": "IPv4",
            "location": "eastus",
            "name": "demo_ip",
            "public_ip_prefix_id": null,
            "resource_group_name": "qwerty12344321",
            "reverse_fqdn": null,
            "sku": "Basic",
            "sku_tier": "Regional",
            "tags": null,
            "timeouts": null,
            "zones": []
          },
          "sensitive_attributes": [],
          "private": "eyJlMmJmYjczMC1lY2FhLTExZTYtOGY4OC0zNDM2M2JjN2M0YzAiOnsiY3JlYXRlIjoxODAwMDAwMDAwMDAwLCJkZWxldGUiOjE4MDAwMDAwMDAwMDAsInJlYWQiOjMwMDAwMDAwMDAwMCwidXBkYXRlIjoxODAwMDAwMDAwMDAwfX0=",
          "dependencies": [
            "azurerm_resource_group.example"
          ]
        }
      ]
    }
  ],
  "check_results": null
}
